
Microsoft Visual Studio Solution File, Format Version 12.00
# Visual Studio 15
VisualStudioVersion = 15.0.26730.16
MinimumVisualStudioVersion = 10.0.40219.1
Project("{FAE04EC0-301F-11D3-BF4B-00C04F79EFBC}") = "UNIVERSKY", "UNIVERSKY\UNIVERSKY.csproj", "{BED9C4A2-6D66-4F03-9FA6-61C4311F7EF6}"
EndProject
Global
	GlobalSection(SolutionConfigurationPlatforms) = preSolution
		Debug|Any CPU = Debug|Any CPU
		Release|Any CPU = Release|Any CPU
	EndGlobalSection
	GlobalSection(ProjectConfigurationPlatforms) = postSolution
		{BED9C4A2-6D66-4F03-9FA6-61C4311F7EF6}.Debug|Any CPU.ActiveCfg = Debug|Any CPU
		{BED9C4A2-6D66-4F03-9FA6-61C4311F7EF6}.Debug|Any CPU.Build.0 = Debug|Any CPU
		{BED9C4A2-6D66-4F03-9FA6-61C4311F7EF6}.Release|Any CPU.ActiveCfg = Release|Any CPU
		{BED9C4A2-6D66-4F03-9FA6-61C4311F7EF6}.Release|Any CPU.Build.0 = Release|Any CPU
	EndGlobalSection
	GlobalSection(SolutionProperties) = preSolution
		HideSolutionNode = FALSE
	EndGlobalSection
	GlobalSection(ExtensibilityGlobals) = postSolution
		SolutionGuid = {E5C76CBC-2E2A-41D6-B153-3D311CEA497F}
	EndGlobalSection
EndGlobal
